
Microsoft Visual Studio Solution File, Format Version 12.00
# Visual Studio Version 17
VisualStudioVersion = 17.0.32002.185
MinimumVisualStudioVersion = 10.0.40219.1
Project("{FAE04EC0-301F-11D3-BF4B-00C04F79EFBC}") = "UnitTestProject1", "UnitTestProject1\UnitTestProject1.csproj", "{D35E4240-EFD2-4BA3-AB7C-679C09C0AE9F}"
EndProject
Project("{FAE04EC0-301F-11D3-BF4B-00C04F79EFBC}") = "MyClassLibrary1", "..\MyClassLibrary1\MyClassLibrary1.csproj", "{D3E98092-6CB4-41DE-8FD1-9DC2B290809F}"
EndProject
Global
	GlobalSection(SolutionConfigurationPlatforms) = preSolution
		Debug|Any CPU = Debug|Any CPU
		Release|Any CPU = Release|Any CPU
	EndGlobalSection
	GlobalSection(ProjectConfigurationPlatforms) = postSolution
		{D35E4240-EFD2-4BA3-AB7C-679C09C0AE9F}.Debug|Any CPU.ActiveCfg = Debug|Any CPU
		{D35E4240-EFD2-4BA3-AB7C-679C09C0AE9F}.Debug|Any CPU.Build.0 = Debug|Any CPU
		{D35E4240-EFD2-4BA3-AB7C-679C09C0AE9F}.Release|Any CPU.ActiveCfg = Release|Any CPU
		{D35E4240-EFD2-4BA3-AB7C-679C09C0AE9F}.Release|Any CPU.Build.0 = Release|Any CPU
		{D3E98092-6CB4-41DE-8FD1-9DC2B290809F}.Debug|Any CPU.ActiveCfg = Debug|Any CPU
		{D3E98092-6CB4-41DE-8FD1-9DC2B290809F}.Debug|Any CPU.Build.0 = Debug|Any CPU
		{D3E98092-6CB4-41DE-8FD1-9DC2B290809F}.Release|Any CPU.ActiveCfg = Release|Any CPU
		{D3E98092-6CB4-41DE-8FD1-9DC2B290809F}.Release|Any CPU.Build.0 = Release|Any CPU
	EndGlobalSection
	GlobalSection(SolutionProperties) = preSolution
		HideSolutionNode = FALSE
	EndGlobalSection
	GlobalSection(ExtensibilityGlobals) = postSolution
		SolutionGuid = {AC0A256F-4E2B-4584-9EE6-A3B548FD3035}
	EndGlobalSection
EndGlobal
